
Microsoft Visual Studio Solution File, Format Version 12.00
# Visual Studio Version 16
VisualStudioVersion = 16.0.30104.148
MinimumVisualStudioVersion = 10.0.40219.1
Project("{9A19103F-16F7-4668-BE54-9A1E7A4F7556}") = "TestPatternConsoleApp", "TestPatternConsoleApp\TestPatternConsoleApp.csproj", "{E6DAE002-58AC-4E85-8F7C-68BC5FC6D2E9}"
EndProject
Project("{FAE04EC0-301F-11D3-BF4B-00C04F79EFBC}") = "Pattern.Strategy", "Pattern.Strategy\Pattern.Strategy.csproj", "{30D5C771-E324-4597-85E7-3578B968C10B}"
EndProject
Global
	GlobalSection(SolutionConfigurationPlatforms) = preSolution
		Debug|Any CPU = Debug|Any CPU
		Release|Any CPU = Release|Any CPU
	EndGlobalSection
	GlobalSection(ProjectConfigurationPlatforms) = postSolution
		{E6DAE002-58AC-4E85-8F7C-68BC5FC6D2E9}.Debug|Any CPU.ActiveCfg = Debug|Any CPU
		{E6DAE002-58AC-4E85-8F7C-68BC5FC6D2E9}.Debug|Any CPU.Build.0 = Debug|Any CPU
		{E6DAE002-58AC-4E85-8F7C-68BC5FC6D2E9}.Release|Any CPU.ActiveCfg = Release|Any CPU
		{E6DAE002-58AC-4E85-8F7C-68BC5FC6D2E9}.Release|Any CPU.Build.0 = Release|Any CPU
		{30D5C771-E324-4597-85E7-3578B968C10B}.Debug|Any CPU.ActiveCfg = Debug|Any CPU
		{30D5C771-E324-4597-85E7-3578B968C10B}.Debug|Any CPU.Build.0 = Debug|Any CPU
		{30D5C771-E324-4597-85E7-3578B968C10B}.Release|Any CPU.ActiveCfg = Release|Any CPU
		{30D5C771-E324-4597-85E7-3578B968C10B}.Release|Any CPU.Build.0 = Release|Any CPU
	EndGlobalSection
	GlobalSection(SolutionProperties) = preSolution
		HideSolutionNode = FALSE
	EndGlobalSection
	GlobalSection(ExtensibilityGlobals) = postSolution
		SolutionGuid = {30739CA2-B9A1-4B99-AC58-A07CBDEF3CB7}
	EndGlobalSection
EndGlobal
